
Microsoft Visual Studio Solution File, Format Version 12.00
# Visual Studio Version 17
VisualStudioVersion = 17.3.32825.248
MinimumVisualStudioVersion = 10.0.40219.1
Project("{FAE04EC0-301F-11D3-BF4B-00C04F79EFBC}") = "RestaurantAPI", "RestaurantAPI\RestaurantAPI.csproj", "{58E8E823-B764-4B4B-879F-EFFC776A6982}"
EndProject
Global
	GlobalSection(SolutionConfigurationPlatforms) = preSolution
		Debug|Any CPU = Debug|Any CPU
		Release|Any CPU = Release|Any CPU
	EndGlobalSection
	GlobalSection(ProjectConfigurationPlatforms) = postSolution
		{58E8E823-B764-4B4B-879F-EFFC776A6982}.Debug|Any CPU.ActiveCfg = Debug|Any CPU
		{58E8E823-B764-4B4B-879F-EFFC776A6982}.Debug|Any CPU.Build.0 = Debug|Any CPU
		{58E8E823-B764-4B4B-879F-EFFC776A6982}.Release|Any CPU.ActiveCfg = Release|Any CPU
		{58E8E823-B764-4B4B-879F-EFFC776A6982}.Release|Any CPU.Build.0 = Release|Any CPU
	EndGlobalSection
	GlobalSection(SolutionProperties) = preSolution
		HideSolutionNode = FALSE
	EndGlobalSection
	GlobalSection(ExtensibilityGlobals) = postSolution
		SolutionGuid = {BE49C313-E0F3-4E27-AF96-297C138AF2CB}
	EndGlobalSection
EndGlobal
